
Microsoft Visual Studio Solution File, Format Version 12.00
# Visual Studio Version 16
VisualStudioVersion = 16.0.31424.327
MinimumVisualStudioVersion = 10.0.40219.1
Project("{FAE04EC0-301F-11D3-BF4B-00C04F79EFBC}") = "MyTrainer", "MyTrainer.csproj", "{01407868-0F94-456D-9E72-8F3A61EC86CD}"
EndProject
Global
	GlobalSection(SolutionConfigurationPlatforms) = preSolution
		Debug|Any CPU = Debug|Any CPU
		Release|Any CPU = Release|Any CPU
	EndGlobalSection
	GlobalSection(ProjectConfigurationPlatforms) = postSolution
		{01407868-0F94-456D-9E72-8F3A61EC86CD}.Debug|Any CPU.ActiveCfg = Debug|Any CPU
		{01407868-0F94-456D-9E72-8F3A61EC86CD}.Debug|Any CPU.Build.0 = Debug|Any CPU
		{01407868-0F94-456D-9E72-8F3A61EC86CD}.Release|Any CPU.ActiveCfg = Release|Any CPU
		{01407868-0F94-456D-9E72-8F3A61EC86CD}.Release|Any CPU.Build.0 = Release|Any CPU
	EndGlobalSection
	GlobalSection(SolutionProperties) = preSolution
		HideSolutionNode = FALSE
	EndGlobalSection
	GlobalSection(ExtensibilityGlobals) = postSolution
		SolutionGuid = {76229D8D-0E4E-489F-B4A4-9F67F2430BEA}
	EndGlobalSection
EndGlobal
